
Microsoft Visual Studio Solution File, Format Version 12.00
# Visual Studio 15
VisualStudioVersion = 15.0.28307.1684
MinimumVisualStudioVersion = 10.0.40219.1
Project("{FAE04EC0-301F-11D3-BF4B-00C04F79EFBC}") = "TimeFormatToWordFormatConverter", "TimeFormatToWordFormatConverter\TimeFormatToWordFormatConverter.csproj", "{DAB8E5D1-2B47-42C0-9ED1-9F616169A186}"
EndProject
Global
	GlobalSection(SolutionConfigurationPlatforms) = preSolution
		Debug|Any CPU = Debug|Any CPU
		Release|Any CPU = Release|Any CPU
	EndGlobalSection
	GlobalSection(ProjectConfigurationPlatforms) = postSolution
		{DAB8E5D1-2B47-42C0-9ED1-9F616169A186}.Debug|Any CPU.ActiveCfg = Debug|Any CPU
		{DAB8E5D1-2B47-42C0-9ED1-9F616169A186}.Debug|Any CPU.Build.0 = Debug|Any CPU
		{DAB8E5D1-2B47-42C0-9ED1-9F616169A186}.Release|Any CPU.ActiveCfg = Release|Any CPU
		{DAB8E5D1-2B47-42C0-9ED1-9F616169A186}.Release|Any CPU.Build.0 = Release|Any CPU
	EndGlobalSection
	GlobalSection(SolutionProperties) = preSolution
		HideSolutionNode = FALSE
	EndGlobalSection
	GlobalSection(ExtensibilityGlobals) = postSolution
		SolutionGuid = {1613BFA0-8F5E-4749-8305-95EE2ACE7E8F}
	EndGlobalSection
EndGlobal
